
Microsoft Visual Studio Solution File, Format Version 12.00
# Visual Studio Version 16
VisualStudioVersion = 16.0.31613.86
MinimumVisualStudioVersion = 10.0.40219.1
Project("{FAE04EC0-301F-11D3-BF4B-00C04F79EFBC}") = "Module3HW3", "Module3HW3\Module3HW3.csproj", "{62D870A5-91BB-4828-A181-3FF2D3FCA7A5}"
EndProject
Global
	GlobalSection(SolutionConfigurationPlatforms) = preSolution
		Debug|Any CPU = Debug|Any CPU
		Release|Any CPU = Release|Any CPU
	EndGlobalSection
	GlobalSection(ProjectConfigurationPlatforms) = postSolution
		{62D870A5-91BB-4828-A181-3FF2D3FCA7A5}.Debug|Any CPU.ActiveCfg = Debug|Any CPU
		{62D870A5-91BB-4828-A181-3FF2D3FCA7A5}.Debug|Any CPU.Build.0 = Debug|Any CPU
		{62D870A5-91BB-4828-A181-3FF2D3FCA7A5}.Release|Any CPU.ActiveCfg = Release|Any CPU
		{62D870A5-91BB-4828-A181-3FF2D3FCA7A5}.Release|Any CPU.Build.0 = Release|Any CPU
	EndGlobalSection
	GlobalSection(SolutionProperties) = preSolution
		HideSolutionNode = FALSE
	EndGlobalSection
	GlobalSection(ExtensibilityGlobals) = postSolution
		SolutionGuid = {030CD1D2-5842-4FAB-A4A2-3DE73484ED9E}
	EndGlobalSection
EndGlobal
